
Microsoft Visual Studio Solution File, Format Version 12.00
# Visual Studio 15
VisualStudioVersion = 15.0.26228.4
MinimumVisualStudioVersion = 10.0.40219.1
Project("{FAE04EC0-301F-11D3-BF4B-00C04F79EFBC}") = "Glene.API", "Glene.API\Glene.API.csproj", "{FED9B5D3-A3CE-4287-80C0-EAB25813EA7A}"
EndProject
Global
	GlobalSection(SolutionConfigurationPlatforms) = preSolution
		Debug|Any CPU = Debug|Any CPU
		Release|Any CPU = Release|Any CPU
	EndGlobalSection
	GlobalSection(ProjectConfigurationPlatforms) = postSolution
		{FED9B5D3-A3CE-4287-80C0-EAB25813EA7A}.Debug|Any CPU.ActiveCfg = Debug|Any CPU
		{FED9B5D3-A3CE-4287-80C0-EAB25813EA7A}.Debug|Any CPU.Build.0 = Debug|Any CPU
		{FED9B5D3-A3CE-4287-80C0-EAB25813EA7A}.Release|Any CPU.ActiveCfg = Release|Any CPU
		{FED9B5D3-A3CE-4287-80C0-EAB25813EA7A}.Release|Any CPU.Build.0 = Release|Any CPU
	EndGlobalSection
	GlobalSection(SolutionProperties) = preSolution
		HideSolutionNode = FALSE
	EndGlobalSection
EndGlobal
